
Microsoft Visual Studio Solution File, Format Version 12.00
# Visual Studio Version 17
VisualStudioVersion = 17.10.35013.160
MinimumVisualStudioVersion = 10.0.40219.1
Project("{FAE04EC0-301F-11D3-BF4B-00C04F79EFBC}") = "Homee.API", "Homee.API\Homee.API.csproj", "{78D4450B-4C82-4726-BC4B-E554AD8D75E5}"
EndProject
Project("{FAE04EC0-301F-11D3-BF4B-00C04F79EFBC}") = "Homee.BusinessLayer", "Homee.BusinessLayer\Homee.BusinessLayer.csproj", "{83C972BB-2805-405E-B447-197FC9409ECB}"
EndProject
Project("{FAE04EC0-301F-11D3-BF4B-00C04F79EFBC}") = "Homee.DAO", "Homee.DAO\Homee.DAO.csproj", "{D109332E-3D75-424D-9CFB-336BA6F340FF}"
EndProject
Project("{FAE04EC0-301F-11D3-BF4B-00C04F79EFBC}") = "Homee.Repositories", "Homee.Repositories\Homee.Repositories.csproj", "{1089FD60-7DB2-4090-9752-B8D7FF47B1C2}"
EndProject
Project("{FAE04EC0-301F-11D3-BF4B-00C04F79EFBC}") = "Homee.DataLayer", "Homee.DataLayer\Homee.DataLayer.csproj", "{38E21E03-1945-4DF6-91AD-67C120F45FE7}"
EndProject
Global
	GlobalSection(SolutionConfigurationPlatforms) = preSolution
		Debug|Any CPU = Debug|Any CPU
		Release|Any CPU = Release|Any CPU
	EndGlobalSection
	GlobalSection(ProjectConfigurationPlatforms) = postSolution
		{78D4450B-4C82-4726-BC4B-E554AD8D75E5}.Debug|Any CPU.ActiveCfg = Debug|Any CPU
		{78D4450B-4C82-4726-BC4B-E554AD8D75E5}.Debug|Any CPU.Build.0 = Debug|Any CPU
		{78D4450B-4C82-4726-BC4B-E554AD8D75E5}.Release|Any CPU.ActiveCfg = Release|Any CPU
		{78D4450B-4C82-4726-BC4B-E554AD8D75E5}.Release|Any CPU.Build.0 = Release|Any CPU
		{83C972BB-2805-405E-B447-197FC9409ECB}.Debug|Any CPU.ActiveCfg = Debug|Any CPU
		{83C972BB-2805-405E-B447-197FC9409ECB}.Debug|Any CPU.Build.0 = Debug|Any CPU
		{83C972BB-2805-405E-B447-197FC9409ECB}.Release|Any CPU.ActiveCfg = Release|Any CPU
		{83C972BB-2805-405E-B447-197FC9409ECB}.Release|Any CPU.Build.0 = Release|Any CPU
		{D109332E-3D75-424D-9CFB-336BA6F340FF}.Debug|Any CPU.ActiveCfg = Debug|Any CPU
		{D109332E-3D75-424D-9CFB-336BA6F340FF}.Debug|Any CPU.Build.0 = Debug|Any CPU
		{D109332E-3D75-424D-9CFB-336BA6F340FF}.Release|Any CPU.ActiveCfg = Release|Any CPU
		{D109332E-3D75-424D-9CFB-336BA6F340FF}.Release|Any CPU.Build.0 = Release|Any CPU
		{1089FD60-7DB2-4090-9752-B8D7FF47B1C2}.Debug|Any CPU.ActiveCfg = Debug|Any CPU
		{1089FD60-7DB2-4090-9752-B8D7FF47B1C2}.Debug|Any CPU.Build.0 = Debug|Any CPU
		{1089FD60-7DB2-4090-9752-B8D7FF47B1C2}.Release|Any CPU.ActiveCfg = Release|Any CPU
		{1089FD60-7DB2-4090-9752-B8D7FF47B1C2}.Release|Any CPU.Build.0 = Release|Any CPU
		{38E21E03-1945-4DF6-91AD-67C120F45FE7}.Debug|Any CPU.ActiveCfg = Debug|Any CPU
		{38E21E03-1945-4DF6-91AD-67C120F45FE7}.Debug|Any CPU.Build.0 = Debug|Any CPU
		{38E21E03-1945-4DF6-91AD-67C120F45FE7}.Release|Any CPU.ActiveCfg = Release|Any CPU
		{38E21E03-1945-4DF6-91AD-67C120F45FE7}.Release|Any CPU.Build.0 = Release|Any CPU
	EndGlobalSection
	GlobalSection(SolutionProperties) = preSolution
		HideSolutionNode = FALSE
	EndGlobalSection
	GlobalSection(ExtensibilityGlobals) = postSolution
		SolutionGuid = {918DA26B-CBAE-4132-AFAE-7BA62EC99D9E}
	EndGlobalSection
EndGlobal
